
Microsoft Visual Studio Solution File, Format Version 12.00
# Visual Studio 15
VisualStudioVersion = 15.0.28010.2036
MinimumVisualStudioVersion = 10.0.40219.1
Project("{FAE04EC0-301F-11D3-BF4B-00C04F79EFBC}") = "BookLibrary", "BookLibrary\BookLibrary.csproj", "{FDB526A3-69CA-4EFA-AF65-DB1EE412AD97}"
EndProject
Project("{FAE04EC0-301F-11D3-BF4B-00C04F79EFBC}") = "BookLibrary.Soap", "BookLibrary.Soap\BookLibrary.Soap.csproj", "{A4AFA428-A1EE-44DD-9356-59A16F776F5D}"
EndProject
Global
	GlobalSection(SolutionConfigurationPlatforms) = preSolution
		Debug|Any CPU = Debug|Any CPU
		Release|Any CPU = Release|Any CPU
	EndGlobalSection
	GlobalSection(ProjectConfigurationPlatforms) = postSolution
		{FDB526A3-69CA-4EFA-AF65-DB1EE412AD97}.Debug|Any CPU.ActiveCfg = Debug|Any CPU
		{FDB526A3-69CA-4EFA-AF65-DB1EE412AD97}.Debug|Any CPU.Build.0 = Debug|Any CPU
		{FDB526A3-69CA-4EFA-AF65-DB1EE412AD97}.Release|Any CPU.ActiveCfg = Release|Any CPU
		{FDB526A3-69CA-4EFA-AF65-DB1EE412AD97}.Release|Any CPU.Build.0 = Release|Any CPU
		{A4AFA428-A1EE-44DD-9356-59A16F776F5D}.Debug|Any CPU.ActiveCfg = Debug|Any CPU
		{A4AFA428-A1EE-44DD-9356-59A16F776F5D}.Debug|Any CPU.Build.0 = Debug|Any CPU
		{A4AFA428-A1EE-44DD-9356-59A16F776F5D}.Release|Any CPU.ActiveCfg = Release|Any CPU
		{A4AFA428-A1EE-44DD-9356-59A16F776F5D}.Release|Any CPU.Build.0 = Release|Any CPU
	EndGlobalSection
	GlobalSection(SolutionProperties) = preSolution
		HideSolutionNode = FALSE
	EndGlobalSection
	GlobalSection(ExtensibilityGlobals) = postSolution
		SolutionGuid = {3D01727C-057C-475C-9DBE-6D797066B9DF}
	EndGlobalSection
EndGlobal
